Microsoft Visual Studio Solution File, Format Version 12.00
# Visual Studio Version 17
VisualStudioVersion = 17.5.2.0
MinimumVisualStudioVersion = 10.0.40219.1
Project("{FAE04EC0-301F-11D3-BF4B-00C04F79EFBC}") = "Zentrixlabs.PrtgSdk", "Zentrixlabs.PrtgSdk.csproj", "{A47DA58A-5C6C-08F7-2F9C-D2127708CA6C}"
EndProject
Global
	GlobalSection(SolutionConfigurationPlatforms) = preSolution
		Debug|Any CPU = Debug|Any CPU
		Release|Any CPU = Release|Any CPU
	EndGlobalSection
	GlobalSection(ProjectConfigurationPlatforms) = postSolution
		{A47DA58A-5C6C-08F7-2F9C-D2127708CA6C}.Debug|Any CPU.ActiveCfg = Debug|Any CPU
		{A47DA58A-5C6C-08F7-2F9C-D2127708CA6C}.Debug|Any CPU.Build.0 = Debug|Any CPU
		{A47DA58A-5C6C-08F7-2F9C-D2127708CA6C}.Release|Any CPU.ActiveCfg = Release|Any CPU
		{A47DA58A-5C6C-08F7-2F9C-D2127708CA6C}.Release|Any CPU.Build.0 = Release|Any CPU
	EndGlobalSection
	GlobalSection(SolutionProperties) = preSolution
		HideSolutionNode = FALSE
	EndGlobalSection
	GlobalSection(ExtensibilityGlobals) = postSolution
		SolutionGuid = {8B5F8CC9-3942-4AD6-93A8-F5496967E431}
	EndGlobalSection
EndGlobal
